
Microsoft Visual Studio Solution File, Format Version 12.00
# Visual Studio Version 16
VisualStudioVersion = 16.0.29721.120
MinimumVisualStudioVersion = 10.0.40219.1
Project("{FAE04EC0-301F-11D3-BF4B-00C04F79EFBC}") = "Pi.HifiControl.Client.UWP", "Pi.HifiControl.Client\Pi.HifiControl.Client.UWP\Pi.HifiControl.Client.UWP.csproj", "{7BD74FCE-067D-4EF9-9236-2A9C3AEA4294}"
EndProject
Project("{FAE04EC0-301F-11D3-BF4B-00C04F79EFBC}") = "Pi.HifiControl.Client.Android", "Pi.HifiControl.Client\Pi.HifiControl.Client.Android\Pi.HifiControl.Client.Android.csproj", "{3517E464-6B8B-4323-BCDA-FE806E357E45}"
EndProject
Project("{FAE04EC0-301F-11D3-BF4B-00C04F79EFBC}") = "Pi.HifiControl.Client.iOS", "Pi.HifiControl.Client\Pi.HifiControl.Client.iOS\Pi.HifiControl.Client.iOS.csproj", "{709AE43C-4649-44F3-9EF7-EA5E2B629F4F}"
EndProject
Project("{FAE04EC0-301F-11D3-BF4B-00C04F79EFBC}") = "Pi.HifiControl.Client", "Pi.HifiControl.Client\Pi.HifiControl.Client\Pi.HifiControl.Client.csproj", "{585F5009-48A7-446E-939E-6FD485726417}"
EndProject
Global
	GlobalSection(SolutionConfigurationPlatforms) = preSolution
		Debug|Any CPU = Debug|Any CPU
		Debug|ARM = Debug|ARM
		Debug|iPhone = Debug|iPhone
		Debug|iPhoneSimulator = Debug|iPhoneSimulator
		Debug|x64 = Debug|x64
		Debug|x86 = Debug|x86
		Release|Any CPU = Release|Any CPU
		Release|ARM = Release|ARM
		Release|iPhone = Release|iPhone
		Release|iPhoneSimulator = Release|iPhoneSimulator
		Release|x64 = Release|x64
		Release|x86 = Release|x86
	EndGlobalSection
	GlobalSection(ProjectConfigurationPlatforms) = postSolution
		{7BD74FCE-067D-4EF9-9236-2A9C3AEA4294}.Debug|Any CPU.ActiveCfg = Debug|x86
		{7BD74FCE-067D-4EF9-9236-2A9C3AEA4294}.Debug|Any CPU.Build.0 = Debug|x86
		{7BD74FCE-067D-4EF9-9236-2A9C3AEA4294}.Debug|Any CPU.Deploy.0 = Debug|x86
		{7BD74FCE-067D-4EF9-9236-2A9C3AEA4294}.Debug|ARM.ActiveCfg = Debug|ARM
		{7BD74FCE-067D-4EF9-9236-2A9C3AEA4294}.Debug|ARM.Build.0 = Debug|ARM
		{7BD74FCE-067D-4EF9-9236-2A9C3AEA4294}.Debug|ARM.Deploy.0 = Debug|ARM
		{7BD74FCE-067D-4EF9-9236-2A9C3AEA4294}.Debug|iPhone.ActiveCfg = Debug|x86
		{7BD74FCE-067D-4EF9-9236-2A9C3AEA4294}.Debug|iPhone.Build.0 = Debug|x86
		{7BD74FCE-067D-4EF9-9236-2A9C3AEA4294}.Debug|iPhone.Deploy.0 = Debug|x86
		{7BD74FCE-067D-4EF9-9236-2A9C3AEA4294}.Debug|iPhoneSimulator.ActiveCfg = Debug|x86
		{7BD74FCE-067D-4EF9-9236-2A9C3AEA4294}.Debug|iPhoneSimulator.Build.0 = Debug|x86
		{7BD74FCE-067D-4EF9-9236-2A9C3AEA4294}.Debug|iPhoneSimulator.Deploy.0 = Debug|x86
		{7BD74FCE-067D-4EF9-9236-2A9C3AEA4294}.Debug|x64.ActiveCfg = Debug|x64
		{7BD74FCE-067D-4EF9-9236-2A9C3AEA4294}.Debug|x64.Build.0 = Debug|x64
		{7BD74FCE-067D-4EF9-9236-2A9C3AEA4294}.Debug|x64.Deploy.0 = Debug|x64
		{7BD74FCE-067D-4EF9-9236-2A9C3AEA4294}.Debug|x86.ActiveCfg = Debug|x86
		{7BD74FCE-067D-4EF9-9236-2A9C3AEA4294}.Debug|x86.Build.0 = Debug|x86
		{7BD74FCE-067D-4EF9-9236-2A9C3AEA4294}.Debug|x86.Deploy.0 = Debug|x86
		{7BD74FCE-067D-4EF9-9236-2A9C3AEA4294}.Release|Any CPU.ActiveCfg = Release|x86
		{7BD74FCE-067D-4EF9-9236-2A9C3AEA4294}.Release|Any CPU.Build.0 = Release|x86
		{7BD74FCE-067D-4EF9-9236-2A9C3AEA4294}.Release|Any CPU.Deploy.0 = Release|x86
		{7BD74FCE-067D-4EF9-9236-2A9C3AEA4294}.Release|ARM.ActiveCfg = Release|ARM
		{7BD74FCE-067D-4EF9-9236-2A9C3AEA4294}.Release|ARM.Build.0 = Release|ARM
		{7BD74FCE-067D-4EF9-9236-2A9C3AEA4294}.Release|ARM.Deploy.0 = Release|ARM
		{7BD74FCE-067D-4EF9-9236-2A9C3AEA4294}.Release|iPhone.ActiveCfg = Release|x86
		{7BD74FCE-067D-4EF9-9236-2A9C3AEA4294}.Release|iPhone.Build.0 = Release|x86
		{7BD74FCE-067D-4EF9-9236-2A9C3AEA4294}.Release|iPhone.Deploy.0 = Release|x86
		{7BD74FCE-067D-4EF9-9236-2A9C3AEA4294}.Release|iPhoneSimulator.ActiveCfg = Release|x86
		{7BD74FCE-067D-4EF9-9236-2A9C3AEA4294}.Release|iPhoneSimulator.Build.0 = Release|x86
		{7BD74FCE-067D-4EF9-9236-2A9C3AEA4294}.Release|iPhoneSimulator.Deploy.0 = Release|x86
		{7BD74FCE-067D-4EF9-9236-2A9C3AEA4294}.Release|x64.ActiveCfg = Release|x64
		{7BD74FCE-067D-4EF9-9236-2A9C3AEA4294}.Release|x64.Build.0 = Release|x64
		{7BD74FCE-067D-4EF9-9236-2A9C3AEA4294}.Release|x64.Deploy.0 = Release|x64
		{7BD74FCE-067D-4EF9-9236-2A9C3AEA4294}.Release|x86.ActiveCfg = Release|x86
		{7BD74FCE-067D-4EF9-9236-2A9C3AEA4294}.Release|x86.Build.0 = Release|x86
		{7BD74FCE-067D-4EF9-9236-2A9C3AEA4294}.Release|x86.Deploy.0 = Release|x86
		{3517E464-6B8B-4323-BCDA-FE806E357E45}.Debug|Any CPU.ActiveCfg = Debug|Any CPU
		{3517E464-6B8B-4323-BCDA-FE806E357E45}.Debug|Any CPU.Build.0 = Debug|Any CPU
		{3517E464-6B8B-4323-BCDA-FE806E357E45}.Debug|Any CPU.Deploy.0 = Debug|Any CPU
		{3517E464-6B8B-4323-BCDA-FE806E357E45}.Debug|ARM.ActiveCfg = Debug|Any CPU
		{3517E464-6B8B-4323-BCDA-FE806E357E45}.Debug|ARM.Build.0 = Debug|Any CPU
		{3517E464-6B8B-4323-BCDA-FE806E357E45}.Debug|ARM.Deploy.0 = Debug|Any CPU
		{3517E464-6B8B-4323-BCDA-FE806E357E45}.Debug|iPhone.ActiveCfg = Debug|Any CPU
		{3517E464-6B8B-4323-BCDA-FE806E357E45}.Debug|iPhone.Build.0 = Debug|Any CPU
		{3517E464-6B8B-4323-BCDA-FE806E357E45}.Debug|iPhone.Deploy.0 = Debug|Any CPU
		{3517E464-6B8B-4323-BCDA-FE806E357E45}.Debug|iPhoneSimulator.ActiveCfg = Debug|Any CPU
		{3517E464-6B8B-4323-BCDA-FE806E357E45}.Debug|iPhoneSimulator.Build.0 = Debug|Any CPU
		{3517E464-6B8B-4323-BCDA-FE806E357E45}.Debug|iPhoneSimulator.Deploy.0 = Debug|Any CPU
		{3517E464-6B8B-4323-BCDA-FE806E357E45}.Debug|x64.ActiveCfg = Debug|Any CPU
		{3517E464-6B8B-4323-BCDA-FE806E357E45}.Debug|x64.Build.0 = Debug|Any CPU
		{3517E464-6B8B-4323-BCDA-FE806E357E45}.Debug|x64.Deploy.0 = Debug|Any CPU
		{3517E464-6B8B-4323-BCDA-FE806E357E45}.Debug|x86.ActiveCfg = Debug|Any CPU
		{3517E464-6B8B-4323-BCDA-FE806E357E45}.Debug|x86.Build.0 = Debug|Any CPU
		{3517E464-6B8B-4323-BCDA-FE806E357E45}.Debug|x86.Deploy.0 = Debug|Any CPU
		{3517E464-6B8B-4323-BCDA-FE806E357E45}.Release|Any CPU.ActiveCfg = Release|Any CPU
		{3517E464-6B8B-4323-BCDA-FE806E357E45}.Release|Any CPU.Build.0 = Release|Any CPU
		{3517E464-6B8B-4323-BCDA-FE806E357E45}.Release|Any CPU.Deploy.0 = Release|Any CPU
		{3517E464-6B8B-4323-BCDA-FE806E357E45}.Release|ARM.ActiveCfg = Release|Any CPU
		{3517E464-6B8B-4323-BCDA-FE806E357E45}.Release|ARM.Build.0 = Release|Any CPU
		{3517E464-6B8B-4323-BCDA-FE806E357E45}.Release|ARM.Deploy.0 = Release|Any CPU
		{3517E464-6B8B-4323-BCDA-FE806E357E45}.Release|iPhone.ActiveCfg = Release|Any CPU
		{3517E464-6B8B-4323-BCDA-FE806E357E45}.Release|iPhone.Build.0 = Release|Any CPU
		{3517E464-6B8B-4323-BCDA-FE806E357E45}.Release|iPhone.Deploy.0 = Release|Any CPU
		{3517E464-6B8B-4323-BCDA-FE806E357E45}.Release|iPhoneSimulator.ActiveCfg = Release|Any CPU
		{3517E464-6B8B-4323-BCDA-FE806E357E45}.Release|iPhoneSimulator.Build.0 = Release|Any CPU
		{3517E464-6B8B-4323-BCDA-FE806E357E45}.Release|iPhoneSimulator.Deploy.0 = Release|Any CPU
		{3517E464-6B8B-4323-BCDA-FE806E357E45}.Release|x64.ActiveCfg = Release|Any CPU
		{3517E464-6B8B-4323-BCDA-FE806E357E45}.Release|x64.Build.0 = Release|Any CPU
		{3517E464-6B8B-4323-BCDA-FE806E357E45}.Release|x64.Deploy.0 = Release|Any CPU
		{3517E464-6B8B-4323-BCDA-FE806E357E45}.Release|x86.ActiveCfg = Release|Any CPU
		{3517E464-6B8B-4323-BCDA-FE806E357E45}.Release|x86.Build.0 = Release|Any CPU
		{3517E464-6B8B-4323-BCDA-FE806E357E45}.Release|x86.Deploy.0 = Release|Any CPU
		{709AE43C-4649-44F3-9EF7-EA5E2B629F4F}.Debug|Any CPU.ActiveCfg = Debug|iPhone
		{709AE43C-4649-44F3-9EF7-EA5E2B629F4F}.Debug|Any CPU.Build.0 = Debug|iPhone
		{709AE43C-4649-44F3-9EF7-EA5E2B629F4F}.Debug|Any CPU.Deploy.0 = Debug|iPhone
		{709AE43C-4649-44F3-9EF7-EA5E2B629F4F}.Debug|ARM.ActiveCfg = Debug|iPhone
		{709AE43C-4649-44F3-9EF7-EA5E2B629F4F}.Debug|ARM.Build.0 = Debug|iPhone
		{709AE43C-4649-44F3-9EF7-EA5E2B629F4F}.Debug|ARM.Deploy.0 = Debug|iPhone
		{709AE43C-4649-44F3-9EF7-EA5E2B629F4F}.Debug|iPhone.ActiveCfg = Debug|iPhone
		{709AE43C-4649-44F3-9EF7-EA5E2B629F4F}.Debug|iPhone.Build.0 = Debug|iPhone
		{709AE43C-4649-44F3-9EF7-EA5E2B629F4F}.Debug|iPhone.Deploy.0 = Debug|iPhone
		{709AE43C-4649-44F3-9EF7-EA5E2B629F4F}.Debug|iPhoneSimulator.ActiveCfg = Debug|iPhoneSimulator
		{709AE43C-4649-44F3-9EF7-EA5E2B629F4F}.Debug|iPhoneSimulator.Build.0 = Debug|iPhoneSimulator
		{709AE43C-4649-44F3-9EF7-EA5E2B629F4F}.Debug|iPhoneSimulator.Deploy.0 = Debug|iPhoneSimulator
		{709AE43C-4649-44F3-9EF7-EA5E2B629F4F}.Debug|x64.ActiveCfg = Debug|iPhone
		{709AE43C-4649-44F3-9EF7-EA5E2B629F4F}.Debug|x64.Build.0 = Debug|iPhone
		{709AE43C-4649-44F3-9EF7-EA5E2B629F4F}.Debug|x64.Deploy.0 = Debug|iPhone
		{709AE43C-4649-44F3-9EF7-EA5E2B629F4F}.Debug|x86.ActiveCfg = Debug|iPhone
		{709AE43C-4649-44F3-9EF7-EA5E2B629F4F}.Debug|x86.Build.0 = Debug|iPhone
		{709AE43C-4649-44F3-9EF7-EA5E2B629F4F}.Debug|x86.Deploy.0 = Debug|iPhone
		{709AE43C-4649-44F3-9EF7-EA5E2B629F4F}.Release|Any CPU.ActiveCfg = Release|iPhone
		{709AE43C-4649-44F3-9EF7-EA5E2B629F4F}.Release|Any CPU.Build.0 = Release|iPhone
		{709AE43C-4649-44F3-9EF7-EA5E2B629F4F}.Release|Any CPU.Deploy.0 = Release|iPhone
		{709AE43C-4649-44F3-9EF7-EA5E2B629F4F}.Release|ARM.ActiveCfg = Release|iPhone
		{709AE43C-4649-44F3-9EF7-EA5E2B629F4F}.Release|ARM.Build.0 = Release|iPhone
		{709AE43C-4649-44F3-9EF7-EA5E2B629F4F}.Release|ARM.Deploy.0 = Release|iPhone
		{709AE43C-4649-44F3-9EF7-EA5E2B629F4F}.Release|iPhone.ActiveCfg = Release|iPhone
		{709AE43C-4649-44F3-9EF7-EA5E2B629F4F}.Release|iPhone.Build.0 = Release|iPhone
		{709AE43C-4649-44F3-9EF7-EA5E2B629F4F}.Release|iPhone.Deploy.0 = Release|iPhone
		{709AE43C-4649-44F3-9EF7-EA5E2B629F4F}.Release|iPhoneSimulator.ActiveCfg = Release|iPhoneSimulator
		{709AE43C-4649-44F3-9EF7-EA5E2B629F4F}.Release|iPhoneSimulator.Build.0 = Release|iPhoneSimulator
		{709AE43C-4649-44F3-9EF7-EA5E2B629F4F}.Release|iPhoneSimulator.Deploy.0 = Release|iPhoneSimulator
		{709AE43C-4649-44F3-9EF7-EA5E2B629F4F}.Release|x64.ActiveCfg = Release|iPhone
		{709AE43C-4649-44F3-9EF7-EA5E2B629F4F}.Release|x64.Build.0 = Release|iPhone
		{709AE43C-4649-44F3-9EF7-EA5E2B629F4F}.Release|x64.Deploy.0 = Release|iPhone
		{709AE43C-4649-44F3-9EF7-EA5E2B629F4F}.Release|x86.ActiveCfg = Release|iPhone
		{709AE43C-4649-44F3-9EF7-EA5E2B629F4F}.Release|x86.Build.0 = Release|iPhone
		{709AE43C-4649-44F3-9EF7-EA5E2B629F4F}.Release|x86.Deploy.0 = Release|iPhone
		{585F5009-48A7-446E-939E-6FD485726417}.Debug|Any CPU.ActiveCfg = Debug|Any CPU
		{585F5009-48A7-446E-939E-6FD485726417}.Debug|Any CPU.Build.0 = Debug|Any CPU
		{585F5009-48A7-446E-939E-6FD485726417}.Debug|Any CPU.Deploy.0 = Debug|Any CPU
		{585F5009-48A7-446E-939E-6FD485726417}.Debug|ARM.ActiveCfg = Debug|Any CPU
		{585F5009-48A7-446E-939E-6FD485726417}.Debug|ARM.Build.0 = Debug|Any CPU
		{585F5009-48A7-446E-939E-6FD485726417}.Debug|ARM.Deploy.0 = Debug|Any CPU
		{585F5009-48A7-446E-939E-6FD485726417}.Debug|iPhone.ActiveCfg = Debug|Any CPU
		{585F5009-48A7-446E-939E-6FD485726417}.Debug|iPhone.Build.0 = Debug|Any CPU
		{585F5009-48A7-446E-939E-6FD485726417}.Debug|iPhone.Deploy.0 = Debug|Any CPU
		{585F5009-48A7-446E-939E-6FD485726417}.Debug|iPhoneSimulator.ActiveCfg = Debug|Any CPU
		{585F5009-48A7-446E-939E-6FD485726417}.Debug|iPhoneSimulator.Build.0 = Debug|Any CPU
		{585F5009-48A7-446E-939E-6FD485726417}.Debug|iPhoneSimulator.Deploy.0 = Debug|Any CPU
		{585F5009-48A7-446E-939E-6FD485726417}.Debug|x64.ActiveCfg = Debug|Any CPU
		{585F5009-48A7-446E-939E-6FD485726417}.Debug|x64.Build.0 = Debug|Any CPU
		{585F5009-48A7-446E-939E-6FD485726417}.Debug|x64.Deploy.0 = Debug|Any CPU
		{585F5009-48A7-446E-939E-6FD485726417}.Debug|x86.ActiveCfg = Debug|Any CPU
		{585F5009-48A7-446E-939E-6FD485726417}.Debug|x86.Build.0 = Debug|Any CPU
		{585F5009-48A7-446E-939E-6FD485726417}.Debug|x86.Deploy.0 = Debug|Any CPU
		{585F5009-48A7-446E-939E-6FD485726417}.Release|Any CPU.ActiveCfg = Release|Any CPU
		{585F5009-48A7-446E-939E-6FD485726417}.Release|Any CPU.Build.0 = Release|Any CPU
		{585F5009-48A7-446E-939E-6FD485726417}.Release|Any CPU.Deploy.0 = Release|Any CPU
		{585F5009-48A7-446E-939E-6FD485726417}.Release|ARM.ActiveCfg = Release|Any CPU
		{585F5009-48A7-446E-939E-6FD485726417}.Release|ARM.Build.0 = Release|Any CPU
		{585F5009-48A7-446E-939E-6FD485726417}.Release|ARM.Deploy.0 = Release|Any CPU
		{585F5009-48A7-446E-939E-6FD485726417}.Release|iPhone.ActiveCfg = Release|Any CPU
		{585F5009-48A7-446E-939E-6FD485726417}.Release|iPhone.Build.0 = Release|Any CPU
		{585F5009-48A7-446E-939E-6FD485726417}.Release|iPhone.Deploy.0 = Release|Any CPU
		{585F5009-48A7-446E-939E-6FD485726417}.Release|iPhoneSimulator.ActiveCfg = Release|Any CPU
		{585F5009-48A7-446E-939E-6FD485726417}.Release|iPhoneSimulator.Build.0 = Release|Any CPU
		{585F5009-48A7-446E-939E-6FD485726417}.Release|iPhoneSimulator.Deploy.0 = Release|Any CPU
		{585F5009-48A7-446E-939E-6FD485726417}.Release|x64.ActiveCfg = Release|Any CPU
		{585F5009-48A7-446E-939E-6FD485726417}.Release|x64.Build.0 = Release|Any CPU
		{585F5009-48A7-446E-939E-6FD485726417}.Release|x64.Deploy.0 = Release|Any CPU
		{585F5009-48A7-446E-939E-6FD485726417}.Release|x86.ActiveCfg = Release|Any CPU
		{585F5009-48A7-446E-939E-6FD485726417}.Release|x86.Build.0 = Release|Any CPU
		{585F5009-48A7-446E-939E-6FD485726417}.Release|x86.Deploy.0 = Release|Any CPU
	EndGlobalSection
	GlobalSection(SolutionProperties) = preSolution
		HideSolutionNode = FALSE
	EndGlobalSection
	GlobalSection(ExtensibilityGlobals) = postSolution
		SolutionGuid = {28877030-6430-4A2B-B6B9-639ECE965D36}
	EndGlobalSection
EndGlobal
